
Microsoft Visual Studio Solution File, Format Version 12.00
# Visual Studio 15
VisualStudioVersion = 15.0.28307.572
MinimumVisualStudioVersion = 10.0.40219.1
Project("{FAE04EC0-301F-11D3-BF4B-00C04F79EFBC}") = "WpfApp2", "WpfApp2\WpfApp2.csproj", "{DBDA0D6A-3B2D-44D9-9C63-CE5C0E53902B}"
EndProject
Global
	GlobalSection(SolutionConfigurationPlatforms) = preSolution
		Debug|Any CPU = Debug|Any CPU
		Release|Any CPU = Release|Any CPU
	EndGlobalSection
	GlobalSection(ProjectConfigurationPlatforms) = postSolution
		{DBDA0D6A-3B2D-44D9-9C63-CE5C0E53902B}.Debug|Any CPU.ActiveCfg = Debug|Any CPU
		{DBDA0D6A-3B2D-44D9-9C63-CE5C0E53902B}.Debug|Any CPU.Build.0 = Debug|Any CPU
		{DBDA0D6A-3B2D-44D9-9C63-CE5C0E53902B}.Release|Any CPU.ActiveCfg = Release|Any CPU
		{DBDA0D6A-3B2D-44D9-9C63-CE5C0E53902B}.Release|Any CPU.Build.0 = Release|Any CPU
	EndGlobalSection
	GlobalSection(SolutionProperties) = preSolution
		HideSolutionNode = FALSE
	EndGlobalSection
	GlobalSection(ExtensibilityGlobals) = postSolution
		SolutionGuid = {5C610AC2-2D32-4E48-971F-6D1C8FD0FCE2}
	EndGlobalSection
EndGlobal
